
Microsoft Visual Studio Solution File, Format Version 12.00
# Visual Studio Version 17
VisualStudioVersion = 17.0.31903.59
MinimumVisualStudioVersion = 10.0.40219.1
Project("{FAE04EC0-301F-11D3-BF4B-00C04F79EFBC}") = "IDMToolsEX.GUI", "IDMToolsEX.GUI\IDMToolsEX.GUI.csproj", "{D0232AA1-5329-4FE0-8A87-1B484EC030ED}"
EndProject
Project("{FAE04EC0-301F-11D3-BF4B-00C04F79EFBC}") = "IDMToolsEX.Lib", "IDMToolsEX.Lib\IDMToolsEX.Lib.csproj", "{3DCBAEB0-D1CC-4B6D-991C-14C0942CF2D6}"
EndProject
Project("{FAE04EC0-301F-11D3-BF4B-00C04F79EFBC}") = "Calculator", "Calculator\Calculator\Calculator.csproj", "{1EA0DE83-84A4-417D-9BCF-00C7D2B3E858}"
EndProject
Global
	GlobalSection(SolutionConfigurationPlatforms) = preSolution
		Debug|Any CPU = Debug|Any CPU
		Release|Any CPU = Release|Any CPU
	EndGlobalSection
	GlobalSection(SolutionProperties) = preSolution
		HideSolutionNode = FALSE
	EndGlobalSection
	GlobalSection(ProjectConfigurationPlatforms) = postSolution
		{D0232AA1-5329-4FE0-8A87-1B484EC030ED}.Debug|Any CPU.ActiveCfg = Debug|Any CPU
		{D0232AA1-5329-4FE0-8A87-1B484EC030ED}.Debug|Any CPU.Build.0 = Debug|Any CPU
		{D0232AA1-5329-4FE0-8A87-1B484EC030ED}.Release|Any CPU.ActiveCfg = Release|Any CPU
		{D0232AA1-5329-4FE0-8A87-1B484EC030ED}.Release|Any CPU.Build.0 = Release|Any CPU
		{3DCBAEB0-D1CC-4B6D-991C-14C0942CF2D6}.Debug|Any CPU.ActiveCfg = Debug|Any CPU
		{3DCBAEB0-D1CC-4B6D-991C-14C0942CF2D6}.Debug|Any CPU.Build.0 = Debug|Any CPU
		{3DCBAEB0-D1CC-4B6D-991C-14C0942CF2D6}.Release|Any CPU.ActiveCfg = Release|Any CPU
		{3DCBAEB0-D1CC-4B6D-991C-14C0942CF2D6}.Release|Any CPU.Build.0 = Release|Any CPU
		{1EA0DE83-84A4-417D-9BCF-00C7D2B3E858}.Debug|Any CPU.ActiveCfg = Debug|Any CPU
		{1EA0DE83-84A4-417D-9BCF-00C7D2B3E858}.Debug|Any CPU.Build.0 = Debug|Any CPU
		{1EA0DE83-84A4-417D-9BCF-00C7D2B3E858}.Release|Any CPU.ActiveCfg = Release|Any CPU
		{1EA0DE83-84A4-417D-9BCF-00C7D2B3E858}.Release|Any CPU.Build.0 = Release|Any CPU
	EndGlobalSection
EndGlobal
